{
  "requires": true,
  "lockfileVersion": 1,
  "dependencies": {
    "@babel/runtime": {
      "version": "7.14.5",
      "resolved": "https://registry.npmjs.org/@babel/runtime/-/runtime-7.14.5.tgz",
      "integrity": "sha512-121rumjddw9c3NCQ55KGkyE1h/nzWhU/owjhw0l4mQrkzz4x9SGS1X8gFLraHwX7td3Yo4QTL+qj0NcIzN87BA==",
      "requires": {
        "regenerator-runtime": "^0.13.4"
      }
    },
    "@braintree/asset-loader": {
      "version": "0.4.4",
      "resolved": "https://registry.npmjs.org/@braintree/asset-loader/-/asset-loader-0.4.4.tgz",
      "integrity": "sha512-uVhXC5dydmngmNVuDiKgfXSlz4kv4x5ytIJodI8N5SY16mRh13m/UmbQ7yH+o8DQqp50qPZ45MUHIZkXKPg85w==",
      "requires": {
        "promise-polyfill": "^8.1.3"
      }
    },
    "@braintree/browser-detection": {
      "version": "1.12.0",
      "resolved": "https://registry.npmjs.org/@braintree/browser-detection/-/browser-detection-1.12.0.tgz",
      "integrity": "sha512-fmZcaXYkXr9b0J+3HwXLQogIYV+xSS6aBG7LGu0OjLkSD/k62EAu2xLGEDFHUu6siH/I7vvGoC0/Ds3f3RnS6g=="
    },
    "@braintree/class-list": {
      "version": "0.2.0",
      "resolved": "https://registry.npmjs.org/@braintree/class-list/-/class-list-0.2.0.tgz",
      "integrity": "sha512-iLXJT51jnBFuGvyTAQqZ2uwyEVwdyapyz52F5MK1Uoh2ZOiPJ5hoqI0wncyCP2KfqrgyCpOkkEaLMLb/94unGA=="
    },
    "@braintree/event-emitter": {
      "version": "0.4.1",
      "resolved": "https://registry.npmjs.org/@braintree/event-emitter/-/event-emitter-0.4.1.tgz",
      "integrity": "sha512-X41357O3OXUDlnwMvS1m0GQEn3zB3s3flOBeg2J5OBvLvdJEIAVpPkblABPtsPrlciDSvfv1aSG5ixHPgFH0Zg=="
    },
    "@braintree/extended-promise": {
      "version": "0.4.1",
      "resolved": "https://registry.npmjs.org/@braintree/extended-promise/-/extended-promise-0.4.1.tgz",
      "integrity": "sha512-00n7m4z+swWHoFQLHLvrIBIEoxnGUBsl3ogvX79ITpcn8CHczDwtxYy5+RhMoAraRdfN3oB+8QIpN3KOxs2Q7w=="
    },
    "@braintree/iframer": {
      "version": "1.1.0",
      "resolved": "https://registry.npmjs.org/@braintree/iframer/-/iframer-1.1.0.tgz",
      "integrity": "sha512-tVpr7U6u6bqeQlHreEjYMNtnHX62vLnNWziY2kQLqkWhvusPuY5DfuGEIPpWqsd+V/a1slyTQaxK6HWTlH6A/Q=="
    },
    "@braintree/sanitize-url": {
      "version": "5.0.2",
      "resolved": "https://registry.npmjs.org/@braintree/sanitize-url/-/sanitize-url-5.0.2.tgz",
      "integrity": "sha512-NBEJlHWrhQucLhZGHtSxM2loSaNUMajC7KOYJLyfcdW/6goVoff2HoYI3bz8YCDN0wKGbxtUL0gx2dvHpvnWlw=="
    },
    "@braintree/uuid": {
      "version": "0.1.0",
      "resolved": "https://registry.npmjs.org/@braintree/uuid/-/uuid-0.1.0.tgz",
      "integrity": "sha512-YvZJdlNcK5EnR+7M8AjgEAf4Qx696+FOSYlPfy5ePn80vODtVAUU0FxHnzKZC0og1VbDNQDDiwhthR65D4Na0g=="
    },
    "@braintree/wrap-promise": {
      "version": "2.1.0",
      "resolved": "https://registry.npmjs.org/@braintree/wrap-promise/-/wrap-promise-2.1.0.tgz",
      "integrity": "sha512-UIrJB+AfKU0CCfbMoWrsGpd2D/hBpY/SGgFI6WRHPOwhaZ3g9rz1weiJ6eb6L9KgVyunT7s2tckcPkbHw+NzeA=="
    },
    "braintree-web": {
      "version": "3.78.0",
      "resolved": "https://registry.npmjs.org/braintree-web/-/braintree-web-3.78.0.tgz",
      "integrity": "sha512-6e5AENU9csSua1YaKi/3XBSOT0o29S/EKQ2AlSS+mV+Zig40Wf/+sTL9II2aI8wGGXzLKUmGnAOf7RGVtbx5Dw==",
      "requires": {
        "@braintree/asset-loader": "0.4.4",
        "@braintree/browser-detection": "1.12.0",
        "@braintree/class-list": "0.2.0",
        "@braintree/event-emitter": "0.4.1",
        "@braintree/extended-promise": "0.4.1",
        "@braintree/iframer": "1.1.0",
        "@braintree/sanitize-url": "5.0.2",
        "@braintree/uuid": "0.1.0",
        "@braintree/wrap-promise": "2.1.0",
        "card-validator": "8.1.1",
        "credit-card-type": "9.1.0",
        "framebus": "5.1.2",
        "inject-stylesheet": "4.0.0",
        "promise-polyfill": "8.2.0",
        "restricted-input": "3.0.3"
      }
    },
    "braintree-web-drop-in": {
      "version": "1.30.0",
      "resolved": "https://registry.npmjs.org/braintree-web-drop-in/-/braintree-web-drop-in-1.30.0.tgz",
      "integrity": "sha512-FOa8xMDzyr4FEilKmrOXI27OY8hHtvlM41n2puj8lSHr1JDsQ85CMQ0ibsMfuFf9tLKVctrUfBv/PrzNYGkhGA==",
      "requires": {
        "@braintree/asset-loader": "0.4.4",
        "@braintree/browser-detection": "1.12.0",
        "@braintree/class-list": "0.2.0",
        "@braintree/event-emitter": "0.4.1",
        "@braintree/uuid": "0.1.0",
        "@braintree/wrap-promise": "2.1.0",
        "braintree-web": "3.78.0",
        "promise-polyfill": "8.2.0"
      }
    },
    "braintree-web-drop-in-react": {
      "version": "1.2.1",
      "resolved": "https://registry.npmjs.org/braintree-web-drop-in-react/-/braintree-web-drop-in-react-1.2.1.tgz",
      "integrity": "sha512-J0Xzb6EXYvvOp74Vqhmny3tsbeqeKKRPmWaJGnZQxJ5DFq1VYLCfDDPa14YpdhWTZiIgMRqRf4wpOdQ/Gcbf0w==",
      "requires": {
        "braintree-web-drop-in": "^1.24.0",
        "prop-types": "^15.7.2"
      }
    },
    "card-validator": {
      "version": "8.1.1",
      "resolved": "https://registry.npmjs.org/card-validator/-/card-validator-8.1.1.tgz",
      "integrity": "sha512-cN4FsKwoTfTFnqPwVc7TQLSsH/QMDB3n/gWm0XelcApz4sKipnOQ6k33sa3bWsNnnIpgs7eXOF+mUV2UQAX2Sw==",
      "requires": {
        "credit-card-type": "^9.1.0"
      }
    },
    "credit-card-type": {
      "version": "9.1.0",
      "resolved": "https://registry.npmjs.org/credit-card-type/-/credit-card-type-9.1.0.tgz",
      "integrity": "sha512-CpNFuLxiPFxuZqhSKml3M+t0K/484pMAnfYWH14JoD7OZMnmC0Lmo+P7JX9SobqFpRoo7ifA18kOHdxJywYPEA=="
    },
    "decode-uri-component": {
      "version": "0.2.0",
      "resolved": "https://registry.npmjs.org/decode-uri-component/-/decode-uri-component-0.2.0.tgz",
      "integrity": "sha1-6zkTMzRYd1y4TNGh+uBiEGu4dUU="
    },
    "filter-obj": {
      "version": "1.1.0",
      "resolved": "https://registry.npmjs.org/filter-obj/-/filter-obj-1.1.0.tgz",
      "integrity": "sha1-mzERErxsYSehbgFsbF1/GeCAXFs="
    },
    "framebus": {
      "version": "5.1.2",
      "resolved": "https://registry.npmjs.org/framebus/-/framebus-5.1.2.tgz",
      "integrity": "sha512-Z/y6/0gHVx4Td4c0jkDiASBo0pXlJ2fKOP6CynSFnxTzqojG9xOKOFOqoYkcBHlz1vP4t4yHHR6Esp+GsYIh/Q==",
      "requires": {
        "@braintree/uuid": "^0.1.0"
      }
    },
    "history": {
      "version": "4.10.1",
      "resolved": "https://registry.npmjs.org/history/-/history-4.10.1.tgz",
      "integrity": "sha512-36nwAD620w12kuzPAsyINPWJqlNbij+hpK1k9XRloDtym8mxzGYl2c17LnV6IAGB2Dmg4tEa7G7DlawS0+qjew==",
      "requires": {
        "@babel/runtime": "^7.1.2",
        "loose-envify": "^1.2.0",
        "resolve-pathname": "^3.0.0",
        "tiny-invariant": "^1.0.2",
        "tiny-warning": "^1.0.0",
        "value-equal": "^1.0.1"
      }
    },
    "hoist-non-react-statics": {
      "version": "3.3.2",
      "resolved": "https://registry.npmjs.org/hoist-non-react-statics/-/hoist-non-react-statics-3.3.2.tgz",
      "integrity": "sha512-/gGivxi8JPKWNm/W0jSmzcMPpfpPLc3dY/6GxhX2hQ9iGj3aDfklV4ET7NjKpSinLpJ5vafa9iiGIEZg10SfBw==",
      "requires": {
        "react-is": "^16.7.0"
      }
    },
    "inject-stylesheet": {
      "version": "4.0.0",
      "resolved": "https://registry.npmjs.org/inject-stylesheet/-/inject-stylesheet-4.0.0.tgz",
      "integrity": "sha512-EULSmN+gdAMR4w9kk57HJ1Lz6Xp+9OGgTbxpNV2QSncG+LWlihH1d/Clm8ui6b+LAqmIVcrtWfwDrMEgDiUpjg=="
    },
    "isarray": {
      "version": "0.0.1",
      "resolved": "https://registry.npmjs.org/isarray/-/isarray-0.0.1.tgz",
      "integrity": "sha1-ihis/Kmo9Bd+Cav8YDiTmwXR7t8="
    },
    "js-tokens": {
      "version": "4.0.0",
      "resolved": "https://registry.npmjs.org/js-tokens/-/js-tokens-4.0.0.tgz",
      "integrity": "sha512-RdJUflcE3cUzKiMqQgsCu06FPu9UdIJO0beYbPhHN4k6apgJtifcoCtT9bcxOpYBtpD2kCM6Sbzg4CausW/PKQ=="
    },
    "loose-envify": {
      "version": "1.4.0",
      "resolved": "https://registry.npmjs.org/loose-envify/-/loose-envify-1.4.0.tgz",
      "integrity": "sha512-lyuxPGr/Wfhrlem2CL/UcnUc1zcqKAImBDzukY7Y5F/yQiNdko6+fRLevlw1HgMySw7f611UIY408EtxRSoK3Q==",
      "requires": {
        "js-tokens": "^3.0.0 || ^4.0.0"
      }
    },
    "mini-create-react-context": {
      "version": "0.4.1",
      "resolved": "https://registry.npmjs.org/mini-create-react-context/-/mini-create-react-context-0.4.1.tgz",
      "integrity": "sha512-YWCYEmd5CQeHGSAKrYvXgmzzkrvssZcuuQDDeqkT+PziKGMgE+0MCCtcKbROzocGBG1meBLl2FotlRwf4gAzbQ==",
      "requires": {
        "@babel/runtime": "^7.12.1",
        "tiny-warning": "^1.0.3"
      }
    },
    "object-assign": {
      "version": "4.1.1",
      "resolved": "https://registry.npmjs.org/object-assign/-/object-assign-4.1.1.tgz",
      "integrity": "sha1-IQmtx5ZYh8/AXLvUQsrIv7s2CGM="
    },
    "path-to-regexp": {
      "version": "1.8.0",
      "resolved": "https://registry.npmjs.org/path-to-regexp/-/path-to-regexp-1.8.0.tgz",
      "integrity": "sha512-n43JRhlUKUAlibEJhPeir1ncUID16QnEjNpwzNdO3Lm4ywrBpBZ5oLD0I6br9evr1Y9JTqwRtAh7JLoOzAQdVA==",
      "requires": {
        "isarray": "0.0.1"
      }
    },
    "promise-polyfill": {
      "version": "8.2.0",
      "resolved": "https://registry.npmjs.org/promise-polyfill/-/promise-polyfill-8.2.0.tgz",
      "integrity": "sha512-k/TC0mIcPVF6yHhUvwAp7cvL6I2fFV7TzF1DuGPI8mBh4QQazf36xCKEHKTZKRysEoTQoQdKyP25J8MPJp7j5g=="
    },
    "prop-types": {
      "version": "15.7.2",
      "resolved": "https://registry.npmjs.org/prop-types/-/prop-types-15.7.2.tgz",
      "integrity": "sha512-8QQikdH7//R2vurIJSutZ1smHYTcLpRWEOlHnzcWHmBYrOGUysKwSsrC89BCiFj3CbrfJ/nXFdJepOVrY1GCHQ==",
      "requires": {
        "loose-envify": "^1.4.0",
        "object-assign": "^4.1.1",
        "react-is": "^16.8.1"
      }
    },
    "query-string": {
      "version": "7.0.0",
      "resolved": "https://registry.npmjs.org/query-string/-/query-string-7.0.0.tgz",
      "integrity": "sha512-Iy7moLybliR5ZgrK/1R3vjrXq03S13Vz4Rbm5Jg3EFq1LUmQppto0qtXz4vqZ386MSRjZgnTSZ9QC+NZOSd/XA==",
      "requires": {
        "decode-uri-component": "^0.2.0",
        "filter-obj": "^1.1.0",
        "split-on-first": "^1.0.0",
        "strict-uri-encode": "^2.0.0"
      }
    },
    "react-is": {
      "version": "16.13.1",
      "resolved": "https://registry.npmjs.org/react-is/-/react-is-16.13.1.tgz",
      "integrity": "sha512-24e6ynE2H+OKt4kqsOvNd8kBpV65zoxbA4BVsEOB3ARVWQki/DHzaUoC5KuON/BiccDaCCTZBuOcfZs70kR8bQ=="
    },
    "react-router": {
      "version": "5.2.0",
      "resolved": "https://registry.npmjs.org/react-router/-/react-router-5.2.0.tgz",
      "integrity": "sha512-smz1DUuFHRKdcJC0jobGo8cVbhO3x50tCL4icacOlcwDOEQPq4TMqwx3sY1TP+DvtTgz4nm3thuo7A+BK2U0Dw==",
      "requires": {
        "@babel/runtime": "^7.1.2",
        "history": "^4.9.0",
        "hoist-non-react-statics": "^3.1.0",
        "loose-envify": "^1.3.1",
        "mini-create-react-context": "^0.4.0",
        "path-to-regexp": "^1.7.0",
        "prop-types": "^15.6.2",
        "react-is": "^16.6.0",
        "tiny-invariant": "^1.0.2",
        "tiny-warning": "^1.0.0"
      }
    },
    "react-router-dom": {
      "version": "5.2.0",
      "resolved": "https://registry.npmjs.org/react-router-dom/-/react-router-dom-5.2.0.tgz",
      "integrity": "sha512-gxAmfylo2QUjcwxI63RhQ5G85Qqt4voZpUXSEqCwykV0baaOTQDR1f0PmY8AELqIyVc0NEZUj0Gov5lNGcXgsA==",
      "requires": {
        "@babel/runtime": "^7.1.2",
        "history": "^4.9.0",
        "loose-envify": "^1.3.1",
        "prop-types": "^15.6.2",
        "react-router": "5.2.0",
        "tiny-invariant": "^1.0.2",
        "tiny-warning": "^1.0.0"
      }
    },
    "regenerator-runtime": {
      "version": "0.13.7",
      "resolved": "https://registry.npmjs.org/regenerator-runtime/-/regenerator-runtime-0.13.7.tgz",
      "integrity": "sha512-a54FxoJDIr27pgf7IgeQGxmqUNYrcV338lf/6gH456HZ/PhX+5BcwHXG9ajESmwe6WRO0tAzRUrRmNONWgkrew=="
    },
    "resolve-pathname": {
      "version": "3.0.0",
      "resolved": "https://registry.npmjs.org/resolve-pathname/-/resolve-pathname-3.0.0.tgz",
      "integrity": "sha512-C7rARubxI8bXFNB/hqcp/4iUeIXJhJZvFPFPiSPRnhU5UPxzMFIl+2E6yY6c4k9giDJAhtV+enfA+G89N6Csng=="
    },
    "restricted-input": {
      "version": "3.0.3",
      "resolved": "https://registry.npmjs.org/restricted-input/-/restricted-input-3.0.3.tgz",
      "integrity": "sha512-n+h80svtx0yHd6kr7b1nGJ87MSJKiX2lRD9BOOzgC7dzx+57qymdbEnZjdbv5po+4iW5nsKZx984mliALLv2eQ==",
      "requires": {
        "@braintree/browser-detection": "^1.10.0"
      }
    },
    "split-on-first": {
      "version": "1.1.0",
      "resolved": "https://registry.npmjs.org/split-on-first/-/split-on-first-1.1.0.tgz",
      "integrity": "sha512-43ZssAJaMusuKWL8sKUBQXHWOpq8d6CfN/u1p4gUzfJkM05C8rxTmYrkIPTXapZpORA6LkkzcUulJ8FqA7Uudw=="
    },
    "strict-uri-encode": {
      "version": "2.0.0",
      "resolved": "https://registry.npmjs.org/strict-uri-encode/-/strict-uri-encode-2.0.0.tgz",
      "integrity": "sha1-ucczDHBChi9rFC3CdLvMWGbONUY="
    },
    "tiny-invariant": {
      "version": "1.1.0",
      "resolved": "https://registry.npmjs.org/tiny-invariant/-/tiny-invariant-1.1.0.tgz",
      "integrity": "sha512-ytxQvrb1cPc9WBEI/HSeYYoGD0kWnGEOR8RY6KomWLBVhqz0RgTwVO9dLrGz7dC+nN9llyI7OKAgRq8Vq4ZBSw=="
    },
    "tiny-warning": {
      "version": "1.0.3",
      "resolved": "https://registry.npmjs.org/tiny-warning/-/tiny-warning-1.0.3.tgz",
      "integrity": "sha512-lBN9zLN/oAf68o3zNXYrdCt1kP8WsiGW8Oo2ka41b2IM5JL/S1CTyX1rW0mb/zSuJun0ZUrDxx4sqvYS2FWzPA=="
    },
    "value-equal": {
      "version": "1.0.1",
      "resolved": "https://registry.npmjs.org/value-equal/-/value-equal-1.0.1.tgz",
      "integrity": "sha512-NOJ6JZCAWr0zlxZt+xqCHNTEKOsrks2HQd4MqhP1qy4z1SkbEP467eNx6TgDKXMvUOb+OENfJCZwM+16n7fRfw=="
    }
  }
}
